
Microsoft Visual Studio Solution File, Format Version 12.00
# Visual Studio Version 17
VisualStudioVersion = 17.0.31919.166
MinimumVisualStudioVersion = 10.0.40219.1
Project("{8BC9CEB8-8B4A-11D0-8D11-00A0C91BC942}") = "SoftwareEngineeringFinalProject", "SoftwareEngineeringFinalProject\SoftwareEngineeringFinalProject.vcxproj", "{65538F9C-0525-4B5E-ADD9-835580FB36BE}"
EndProject
Project("{8BC9CEB8-8B4A-11D0-8D11-00A0C91BC942}") = "UnitTest1", "UnitTest1\UnitTest1.vcxproj", "{65E97394-04B3-4D5F-B13E-F372417C0D94}"
EndProject
Global
	GlobalSection(SolutionConfigurationPlatforms) = preSolution
		Debug|x64 = Debug|x64
		Debug|x86 = Debug|x86
		Release|x64 = Release|x64
		Release|x86 = Release|x86
	EndGlobalSection
	GlobalSection(ProjectConfigurationPlatforms) = postSolution
		{65538F9C-0525-4B5E-ADD9-835580FB36BE}.Debug|x64.ActiveCfg = Debug|x64
		{65538F9C-0525-4B5E-ADD9-835580FB36BE}.Debug|x64.Build.0 = Debug|x64
		{65538F9C-0525-4B5E-ADD9-835580FB36BE}.Debug|x86.ActiveCfg = Debug|Win32
		{65538F9C-0525-4B5E-ADD9-835580FB36BE}.Debug|x86.Build.0 = Debug|Win32
		{65538F9C-0525-4B5E-ADD9-835580FB36BE}.Release|x64.ActiveCfg = Release|x64
		{65538F9C-0525-4B5E-ADD9-835580FB36BE}.Release|x64.Build.0 = Release|x64
		{65538F9C-0525-4B5E-ADD9-835580FB36BE}.Release|x86.ActiveCfg = Release|Win32
		{65538F9C-0525-4B5E-ADD9-835580FB36BE}.Release|x86.Build.0 = Release|Win32
		{65E97394-04B3-4D5F-B13E-F372417C0D94}.Debug|x64.ActiveCfg = Debug|x64
		{65E97394-04B3-4D5F-B13E-F372417C0D94}.Debug|x64.Build.0 = Debug|x64
		{65E97394-04B3-4D5F-B13E-F372417C0D94}.Debug|x86.ActiveCfg = Debug|Win32
		{65E97394-04B3-4D5F-B13E-F372417C0D94}.Debug|x86.Build.0 = Debug|Win32
		{65E97394-04B3-4D5F-B13E-F372417C0D94}.Release|x64.ActiveCfg = Release|x64
		{65E97394-04B3-4D5F-B13E-F372417C0D94}.Release|x64.Build.0 = Release|x64
		{65E97394-04B3-4D5F-B13E-F372417C0D94}.Release|x86.ActiveCfg = Release|Win32
		{65E97394-04B3-4D5F-B13E-F372417C0D94}.Release|x86.Build.0 = Release|Win32
	EndGlobalSection
	GlobalSection(SolutionProperties) = preSolution
		HideSolutionNode = FALSE
	EndGlobalSection
	GlobalSection(ExtensibilityGlobals) = postSolution
		SolutionGuid = {26201694-FF91-472D-84D4-919C6E0CB3AD}
	EndGlobalSection
EndGlobal
